
Microsoft Visual Studio Solution File, Format Version 12.00
# Visual Studio 15
VisualStudioVersion = 15.0.28010.2019
MinimumVisualStudioVersion = 10.0.40219.1
Project("{FAE04EC0-301F-11D3-BF4B-00C04F79EFBC}") = "MVCPracticalExercise", "MVCPracticalExercise\MVCPracticalExercise.csproj", "{04B6EA89-C71B-45EC-B61A-7FE7F183525A}"
EndProject
Global
	GlobalSection(SolutionConfigurationPlatforms) = preSolution
		Debug|Any CPU = Debug|Any CPU
		Release|Any CPU = Release|Any CPU
	EndGlobalSection
	GlobalSection(ProjectConfigurationPlatforms) = postSolution
		{04B6EA89-C71B-45EC-B61A-7FE7F183525A}.Debug|Any CPU.ActiveCfg = Debug|Any CPU
		{04B6EA89-C71B-45EC-B61A-7FE7F183525A}.Debug|Any CPU.Build.0 = Debug|Any CPU
		{04B6EA89-C71B-45EC-B61A-7FE7F183525A}.Release|Any CPU.ActiveCfg = Release|Any CPU
		{04B6EA89-C71B-45EC-B61A-7FE7F183525A}.Release|Any CPU.Build.0 = Release|Any CPU
	EndGlobalSection
	GlobalSection(SolutionProperties) = preSolution
		HideSolutionNode = FALSE
	EndGlobalSection
	GlobalSection(ExtensibilityGlobals) = postSolution
		SolutionGuid = {A787C9CA-82B1-456B-9C37-D4CA135E76DB}
	EndGlobalSection
EndGlobal
