
Microsoft Visual Studio Solution File, Format Version 12.00
# Visual Studio 15
VisualStudioVersion = 15.0.28010.2019
MinimumVisualStudioVersion = 10.0.40219.1
Project("{FAE04EC0-301F-11D3-BF4B-00C04F79EFBC}") = "BranchingPractice", "BranchingPractice\BranchingPractice.csproj", "{70A4C73F-97A4-42A0-947E-C7727A5E0ADC}"
EndProject
Global
	GlobalSection(SolutionConfigurationPlatforms) = preSolution
		Debug|Any CPU = Debug|Any CPU
		Release|Any CPU = Release|Any CPU
	EndGlobalSection
	GlobalSection(ProjectConfigurationPlatforms) = postSolution
		{70A4C73F-97A4-42A0-947E-C7727A5E0ADC}.Debug|Any CPU.ActiveCfg = Debug|Any CPU
		{70A4C73F-97A4-42A0-947E-C7727A5E0ADC}.Debug|Any CPU.Build.0 = Debug|Any CPU
		{70A4C73F-97A4-42A0-947E-C7727A5E0ADC}.Release|Any CPU.ActiveCfg = Release|Any CPU
		{70A4C73F-97A4-42A0-947E-C7727A5E0ADC}.Release|Any CPU.Build.0 = Release|Any CPU
	EndGlobalSection
	GlobalSection(SolutionProperties) = preSolution
		HideSolutionNode = FALSE
	EndGlobalSection
	GlobalSection(ExtensibilityGlobals) = postSolution
		SolutionGuid = {69155030-33E0-46F5-A6F0-1D249B82CD25}
	EndGlobalSection
EndGlobal
