
Microsoft Visual Studio Solution File, Format Version 12.00
# Visual Studio 15
VisualStudioVersion = 15.0.28010.2019
MinimumVisualStudioVersion = 10.0.40219.1
Project("{FAE04EC0-301F-11D3-BF4B-00C04F79EFBC}") = "Interface", "Interface\Interface.csproj", "{95782133-5CC6-4358-9F86-4CE1250BDA26}"
EndProject
Global
	GlobalSection(SolutionConfigurationPlatforms) = preSolution
		Debug|Any CPU = Debug|Any CPU
		Release|Any CPU = Release|Any CPU
	EndGlobalSection
	GlobalSection(ProjectConfigurationPlatforms) = postSolution
		{95782133-5CC6-4358-9F86-4CE1250BDA26}.Debug|Any CPU.ActiveCfg = Debug|Any CPU
		{95782133-5CC6-4358-9F86-4CE1250BDA26}.Debug|Any CPU.Build.0 = Debug|Any CPU
		{95782133-5CC6-4358-9F86-4CE1250BDA26}.Release|Any CPU.ActiveCfg = Release|Any CPU
		{95782133-5CC6-4358-9F86-4CE1250BDA26}.Release|Any CPU.Build.0 = Release|Any CPU
	EndGlobalSection
	GlobalSection(SolutionProperties) = preSolution
		HideSolutionNode = FALSE
	EndGlobalSection
	GlobalSection(ExtensibilityGlobals) = postSolution
		SolutionGuid = {DC0DFB20-56E9-4F4C-831D-AE4A94FCB913}
	EndGlobalSection
EndGlobal
