
Microsoft Visual Studio Solution File, Format Version 12.00
# Visual Studio 15
VisualStudioVersion = 15.0.28010.2019
MinimumVisualStudioVersion = 10.0.40219.1
Project("{FAE04EC0-301F-11D3-BF4B-00C04F79EFBC}") = "ExceptionHandlingExercise", "ExceptionHandlingExercise\ExceptionHandlingExercise.csproj", "{84273756-3465-4468-BD49-FA6C0ACF318F}"
EndProject
Global
	GlobalSection(SolutionConfigurationPlatforms) = preSolution
		Debug|Any CPU = Debug|Any CPU
		Release|Any CPU = Release|Any CPU
	EndGlobalSection
	GlobalSection(ProjectConfigurationPlatforms) = postSolution
		{84273756-3465-4468-BD49-FA6C0ACF318F}.Debug|Any CPU.ActiveCfg = Debug|Any CPU
		{84273756-3465-4468-BD49-FA6C0ACF318F}.Debug|Any CPU.Build.0 = Debug|Any CPU
		{84273756-3465-4468-BD49-FA6C0ACF318F}.Release|Any CPU.ActiveCfg = Release|Any CPU
		{84273756-3465-4468-BD49-FA6C0ACF318F}.Release|Any CPU.Build.0 = Release|Any CPU
	EndGlobalSection
	GlobalSection(SolutionProperties) = preSolution
		HideSolutionNode = FALSE
	EndGlobalSection
	GlobalSection(ExtensibilityGlobals) = postSolution
		SolutionGuid = {62DD54DB-6F5E-4011-AA88-79EC3CA2BC77}
	EndGlobalSection
EndGlobal
