
Microsoft Visual Studio Solution File, Format Version 12.00
# Visual Studio 15
VisualStudioVersion = 15.0.28010.2019
MinimumVisualStudioVersion = 10.0.40219.1
Project("{FAE04EC0-301F-11D3-BF4B-00C04F79EFBC}") = "BooleanLogic", "BooleanLogic\BooleanLogic.csproj", "{B5E2CFF5-1F3E-4BBD-AD1E-F5F8833B3FA8}"
EndProject
Global
	GlobalSection(SolutionConfigurationPlatforms) = preSolution
		Debug|Any CPU = Debug|Any CPU
		Release|Any CPU = Release|Any CPU
	EndGlobalSection
	GlobalSection(ProjectConfigurationPlatforms) = postSolution
		{B5E2CFF5-1F3E-4BBD-AD1E-F5F8833B3FA8}.Debug|Any CPU.ActiveCfg = Debug|Any CPU
		{B5E2CFF5-1F3E-4BBD-AD1E-F5F8833B3FA8}.Debug|Any CPU.Build.0 = Debug|Any CPU
		{B5E2CFF5-1F3E-4BBD-AD1E-F5F8833B3FA8}.Release|Any CPU.ActiveCfg = Release|Any CPU
		{B5E2CFF5-1F3E-4BBD-AD1E-F5F8833B3FA8}.Release|Any CPU.Build.0 = Release|Any CPU
	EndGlobalSection
	GlobalSection(SolutionProperties) = preSolution
		HideSolutionNode = FALSE
	EndGlobalSection
	GlobalSection(ExtensibilityGlobals) = postSolution
		SolutionGuid = {86FFA033-BC0B-4F5B-B6D4-164D643179EC}
	EndGlobalSection
EndGlobal
