
Microsoft Visual Studio Solution File, Format Version 12.00
# Visual Studio 15
VisualStudioVersion = 15.0.28010.2019
MinimumVisualStudioVersion = 10.0.40219.1
Project("{FAE04EC0-301F-11D3-BF4B-00C04F79EFBC}") = "AbstractClass", "AbstractClass\AbstractClass.csproj", "{8CE67F81-7150-4DDE-80A8-A29EC5A7B889}"
EndProject
Global
	GlobalSection(SolutionConfigurationPlatforms) = preSolution
		Debug|Any CPU = Debug|Any CPU
		Release|Any CPU = Release|Any CPU
	EndGlobalSection
	GlobalSection(ProjectConfigurationPlatforms) = postSolution
		{8CE67F81-7150-4DDE-80A8-A29EC5A7B889}.Debug|Any CPU.ActiveCfg = Debug|Any CPU
		{8CE67F81-7150-4DDE-80A8-A29EC5A7B889}.Debug|Any CPU.Build.0 = Debug|Any CPU
		{8CE67F81-7150-4DDE-80A8-A29EC5A7B889}.Release|Any CPU.ActiveCfg = Release|Any CPU
		{8CE67F81-7150-4DDE-80A8-A29EC5A7B889}.Release|Any CPU.Build.0 = Release|Any CPU
	EndGlobalSection
	GlobalSection(SolutionProperties) = preSolution
		HideSolutionNode = FALSE
	EndGlobalSection
	GlobalSection(ExtensibilityGlobals) = postSolution
		SolutionGuid = {C978673D-A3DE-40D9-86AA-9F62F969442B}
	EndGlobalSection
EndGlobal
